<?xml version="1.0" encoding="utf-8"?>
<Project ToolsVersion="4.0" xmlns="http://schemas.microsoft.com/developer/msbuild/2003">
  <ItemGroup>
    <ClCompile Include="Source Files\acrxEntryPoint.cpp">
      <Filter>Source Files</Filter>
    </ClCompile>
    <ClCompile Include="Source Files\helperFunctions.cpp">
      <Filter>Source Files</Filter>
    </ClCompile>
    <ClCompile Include="Source Files\cmdConvert.cpp">
      <Filter>Source Files</Filter>
    </ClCompile>
    <ClCompile Include="Source Files\convertArc.cpp">
      <Filter>Source Files</Filter>
    </ClCompile>
    <ClCompile Include="Source Files\convertCircle.cpp">
      <Filter>Source Files</Filter>
    </ClCompile>
    <ClCompile Include="Source Files\convertEllipse.cpp">
      <Filter>Source Files</Filter>
    </ClCompile>
    <ClCompile Include="Source Files\convertFace.cpp">
      <Filter>Source Files</Filter>
    </ClCompile>
    <ClCompile Include="Source Files\convertLine.cpp">
      <Filter>Source Files</Filter>
    </ClCompile>
    <ClCompile Include="Source Files\convertPoly3D.cpp">
      <Filter>Source Files</Filter>
    </ClCompile>
    <ClCompile Include="Source Files\convertSpline.cpp">
      <Filter>Source Files</Filter>
    </ClCompile>
    <ClCompile Include="Source Files\convertPoly2D.cpp">
      <Filter>Source Files</Filter>
    </ClCompile>
    <ClCompile Include="Source Files\Dalles.cpp">
      <Filter>Source Files</Filter>
    </ClCompile>
  </ItemGroup>
  <ItemGroup>
    <ClInclude Include="Header Files\acrxEntryPoint.h">
      <Filter>Header Files</Filter>
    </ClInclude>
    <ClInclude Include="Header Files\cmdConvert.h">
      <Filter>Header Files</Filter>
    </ClInclude>
    <ClInclude Include="Header Files\convertArc.h">
      <Filter>Header Files</Filter>
    </ClInclude>
    <ClInclude Include="Header Files\convertCircle.h">
      <Filter>Header Files</Filter>
    </ClInclude>
    <ClInclude Include="Header Files\convertEllipse.h">
      <Filter>Header Files</Filter>
    </ClInclude>
    <ClInclude Include="Header Files\convertFace.h">
      <Filter>Header Files</Filter>
    </ClInclude>
    <ClInclude Include="Header Files\convertLine.h">
      <Filter>Header Files</Filter>
    </ClInclude>
    <ClInclude Include="Header Files\convertPoly3D.h">
      <Filter>Header Files</Filter>
    </ClInclude>
    <ClInclude Include="Header Files\convertSpline.h">
      <Filter>Header Files</Filter>
    </ClInclude>
    <ClInclude Include="Header Files\helperFunctions.h">
      <Filter>Header Files</Filter>
    </ClInclude>
    <ClInclude Include="Header Files\convertPoly2D.h">
      <Filter>Header Files</Filter>
    </ClInclude>
    <ClInclude Include="Header Files\Dalles.h">
      <Filter>Header Files</Filter>
    </ClInclude>
  </ItemGroup>
  <ItemGroup>
    <Filter Include="Header Files">
      <UniqueIdentifier>{19bb0924-c496-4438-b21d-a189125c3924}</UniqueIdentifier>
    </Filter>
    <Filter Include="Source Files">
      <UniqueIdentifier>{5771fece-6965-4b98-b881-e39e3e4acf95}</UniqueIdentifier>
    </Filter>
  </ItemGroup>
</Project>