
Microsoft Visual Studio Solution File, Format Version 11.00
# Visual Studio 2010
Project("{8BC9CEB8-8B4A-11D0-8D11-00A0C91BC942}") = "convert", "convert.vcxproj", "{BED81972-F06D-41B5-A936-9E28B4E6ED68}"
EndProject
Project("{8BC9CEB8-8B4A-11D0-8D11-00A0C91BC942}") = "FmapLib", "..\fmaplib\FmapLib.vcxproj", "{E68574E6-6409-4925-B2F8-D8F3F08F3C7D}"
EndProject
Global
	GlobalSection(SolutionConfigurationPlatforms) = preSolution
		Debug|Win32 = Debug|Win32
		Debug|x64 = Debug|x64
		Release|Win32 = Release|Win32
		Release|x64 = Release|x64
	EndGlobalSection
	GlobalSection(ProjectConfigurationPlatforms) = postSolution
		{BED81972-F06D-41B5-A936-9E28B4E6ED68}.Debug|Win32.ActiveCfg = Debug|Win32
		{BED81972-F06D-41B5-A936-9E28B4E6ED68}.Debug|Win32.Build.0 = Debug|Win32
		{BED81972-F06D-41B5-A936-9E28B4E6ED68}.Debug|x64.ActiveCfg = Debug|x64
		{BED81972-F06D-41B5-A936-9E28B4E6ED68}.Debug|x64.Build.0 = Debug|x64
		{BED81972-F06D-41B5-A936-9E28B4E6ED68}.Release|Win32.ActiveCfg = Release|Win32
		{BED81972-F06D-41B5-A936-9E28B4E6ED68}.Release|Win32.Build.0 = Release|Win32
		{BED81972-F06D-41B5-A936-9E28B4E6ED68}.Release|x64.ActiveCfg = Release|x64
		{BED81972-F06D-41B5-A936-9E28B4E6ED68}.Release|x64.Build.0 = Release|x64
		{E68574E6-6409-4925-B2F8-D8F3F08F3C7D}.Debug|Win32.ActiveCfg = Debug|Win32
		{E68574E6-6409-4925-B2F8-D8F3F08F3C7D}.Debug|Win32.Build.0 = Debug|Win32
		{E68574E6-6409-4925-B2F8-D8F3F08F3C7D}.Debug|x64.ActiveCfg = Debug|x64
		{E68574E6-6409-4925-B2F8-D8F3F08F3C7D}.Debug|x64.Build.0 = Debug|x64
		{E68574E6-6409-4925-B2F8-D8F3F08F3C7D}.Release|Win32.ActiveCfg = Release|Win32
		{E68574E6-6409-4925-B2F8-D8F3F08F3C7D}.Release|Win32.Build.0 = Release|Win32
		{E68574E6-6409-4925-B2F8-D8F3F08F3C7D}.Release|x64.ActiveCfg = Release|x64
		{E68574E6-6409-4925-B2F8-D8F3F08F3C7D}.Release|x64.Build.0 = Release|x64
	EndGlobalSection
	GlobalSection(SolutionProperties) = preSolution
		HideSolutionNode = FALSE
	EndGlobalSection
EndGlobal
